dependencies:
- name: pgvector
  repository: https://rh-ai-quickstart.github.io/ai-architecture-charts
  version: 0.5.2
- name: llama-stack
  repository: file://../../../../work/forks/ai-architecture-charts/llama-stack/helm
  version: 0.6.5
digest: sha256:48356678e16c98a48a0011e9e3c7ee570384cca541d19c42184d7bf95392b013
generated: "2026-01-12T12:54:59.073723-05:00"
